# This file is automatically @generated by Cargo.
# It is not intended for manual editing.
version = 4

[[package]]
name = "bit_field"
version = "0.10.2"
source = "registry+https://github.com/rust-lang/crates.io-index"
checksum = "dc827186963e592360843fb5ba4b973e145841266c1357f7180c43526f2e5b61"

[[package]]
name = "bitflags"
version = "2.9.1"
source = "registry+https://github.com/rust-lang/crates.io-index"
checksum = "1b8e56985ec62d17e9c1001dc89c88ecd7dc08e47eba5ec7c29c7b5eeecde967"

[[package]]
name = "boot_info"
version = "0.1.0"

[[package]]
name = "dog_essentials"
version = "0.1.0"
dependencies = [
 "k_panic_handler",
 "lazy_static",
]

[[package]]
name = "k_corelib"
version = "0.1.0"
dependencies = [
 "boot_info",
 "dog_essentials",
 "k_panic_handler",
 "psf",
 "x86_64",
]

[[package]]
name = "k_panic_handler"
version = "0.1.0"

[[package]]
name = "lazy_static"
version = "1.5.0"
source = "registry+https://github.com/rust-lang/crates.io-index"
checksum = "bbd2bcb4c963f2ddae06a2efc7e9f3591312473c50c6685e1f298068316e66fe"
dependencies = [
 "spin",
]

[[package]]
name = "psf"
version = "0.1.0"
dependencies = [
 "dog_essentials",
]

[[package]]
name = "rustversion"
version = "1.0.21"
source = "registry+https://github.com/rust-lang/crates.io-index"
checksum = "8a0d197bd2c9dc6e53b84da9556a69ba4cdfab8619eb41a8bd1cc2027a0f6b1d"

[[package]]
name = "spin"
version = "0.9.8"
source = "registry+https://github.com/rust-lang/crates.io-index"
checksum = "6980e8d7511241f8acf4aebddbb1ff938df5eebe98691418c4468d0b72a96a67"

[[package]]
name = "volatile"
version = "0.4.6"
source = "registry+https://github.com/rust-lang/crates.io-index"
checksum = "442887c63f2c839b346c192d047a7c87e73d0689c9157b00b53dcc27dd5ea793"

[[package]]
name = "x86_64"
version = "0.15.2"
source = "registry+https://github.com/rust-lang/crates.io-index"
checksum = "0f042214de98141e9c8706e8192b73f56494087cc55ebec28ce10f26c5c364ae"
dependencies = [
 "bit_field",
 "bitflags",
 "rustversion",
 "volatile",
]
